
Microsoft Visual Studio Solution File, Format Version 12.00
# Visual Studio Version 17
VisualStudioVersion = 17.13.35919.96 d17.13
MinimumVisualStudioVersion = 10.0.40219.1
Project("{FAE04EC0-301F-11D3-BF4B-00C04F79EFBC}") = "MovieApp", "..\..\MovieAppSolution\MovieApp\MovieApp\MovieApp.csproj", "{A0E143CD-43D4-E9C0-9B26-A4F420DD00BC}"
EndProject
Project("{FAE04EC0-301F-11D3-BF4B-00C04F79EFBC}") = "testdb", "..\..\MovieAppSolution\MovieAppDB\testdb\testdb.csproj", "{0C4B6B34-F514-139D-3128-6DAA1586836E}"
EndProject
Global
	GlobalSection(SolutionConfigurationPlatforms) = preSolution
		Debug|Any CPU = Debug|Any CPU
		Release|Any CPU = Release|Any CPU
	EndGlobalSection
	GlobalSection(ProjectConfigurationPlatforms) = postSolution
		{A0E143CD-43D4-E9C0-9B26-A4F420DD00BC}.Debug|Any CPU.ActiveCfg = Debug|Any CPU
		{A0E143CD-43D4-E9C0-9B26-A4F420DD00BC}.Debug|Any CPU.Build.0 = Debug|Any CPU
		{A0E143CD-43D4-E9C0-9B26-A4F420DD00BC}.Release|Any CPU.ActiveCfg = Release|Any CPU
		{A0E143CD-43D4-E9C0-9B26-A4F420DD00BC}.Release|Any CPU.Build.0 = Release|Any CPU
		{0C4B6B34-F514-139D-3128-6DAA1586836E}.Debug|Any CPU.ActiveCfg = Debug|Any CPU
		{0C4B6B34-F514-139D-3128-6DAA1586836E}.Debug|Any CPU.Build.0 = Debug|Any CPU
		{0C4B6B34-F514-139D-3128-6DAA1586836E}.Release|Any CPU.ActiveCfg = Release|Any CPU
		{0C4B6B34-F514-139D-3128-6DAA1586836E}.Release|Any CPU.Build.0 = Release|Any CPU
	EndGlobalSection
	GlobalSection(SolutionProperties) = preSolution
		HideSolutionNode = FALSE
	EndGlobalSection
	GlobalSection(ExtensibilityGlobals) = postSolution
		SolutionGuid = {A06F21CD-6899-4B4B-BCA0-FB57E1B8D247}
	EndGlobalSection
EndGlobal
